
Microsoft Visual Studio Solution File, Format Version 12.00
# Visual Studio 15
VisualStudioVersion = 15.0.28307.1082
MinimumVisualStudioVersion = 10.0.40219.1
Project("{8BC9CEB8-8B4A-11D0-8D11-00A0C91BC942}") = "sudoku-solver", "sudoku-solver\sudoku-solver.vcxproj", "{ED63AB11-2411-4498-B19A-1F9DE67FE445}"
EndProject
Global
	GlobalSection(SolutionConfigurationPlatforms) = preSolution
		Debug|x64 = Debug|x64
		Debug|x86 = Debug|x86
		Release|x64 = Release|x64
		Release|x86 = Release|x86
	EndGlobalSection
	GlobalSection(ProjectConfigurationPlatforms) = postSolution
		{ED63AB11-2411-4498-B19A-1F9DE67FE445}.Debug|x64.ActiveCfg = Debug|x64
		{ED63AB11-2411-4498-B19A-1F9DE67FE445}.Debug|x64.Build.0 = Debug|x64
		{ED63AB11-2411-4498-B19A-1F9DE67FE445}.Debug|x86.ActiveCfg = Debug|Win32
		{ED63AB11-2411-4498-B19A-1F9DE67FE445}.Debug|x86.Build.0 = Debug|Win32
		{ED63AB11-2411-4498-B19A-1F9DE67FE445}.Release|x64.ActiveCfg = Release|x64
		{ED63AB11-2411-4498-B19A-1F9DE67FE445}.Release|x64.Build.0 = Release|x64
		{ED63AB11-2411-4498-B19A-1F9DE67FE445}.Release|x86.ActiveCfg = Release|Win32
		{ED63AB11-2411-4498-B19A-1F9DE67FE445}.Release|x86.Build.0 = Release|Win32
	EndGlobalSection
	GlobalSection(SolutionProperties) = preSolution
		HideSolutionNode = FALSE
	EndGlobalSection
	GlobalSection(ExtensibilityGlobals) = postSolution
		SolutionGuid = {D1FCE20F-D9E2-4B71-92CA-0AA44B97A6E4}
	EndGlobalSection
EndGlobal
